<?xml version="1.0" encoding="utf-8"?>
<Project ToolsVersion="4.0" xmlns="http://schemas.microsoft.com/developer/msbuild/2003">
  <ItemGroup>
    <CudaCompile Include="kernel.cu">
      <Filter>cuda</Filter>
    </CudaCompile>
    <CudaCompile Include="kernel.cuh">
      <Filter>cuda</Filter>
    </CudaCompile>
  </ItemGroup>
  <ItemGroup>
    <ClCompile Include="FlipFast.cpp" />
    <ClCompile Include="Main.cpp" />
    <ClCompile Include="Moves.cpp" />
    <ClCompile Include="Perft.cpp" />
    <ClCompile Include="Position.cpp" />
    <ClCompile Include="Utility.cpp" />
  </ItemGroup>
  <ItemGroup>
    <ClInclude Include="FlipFast.h" />
    <ClInclude Include="Hashtable.h" />
    <ClInclude Include="HashtablePerft.h" />
    <ClInclude Include="MacrosHell.h" />
    <ClInclude Include="Moves.h" />
    <ClInclude Include="Perft.h" />
    <ClInclude Include="Position.h" />
    <ClInclude Include="Utility.h" />
    <ClInclude Include="Chronosity.h">
      <Filter>cuda</Filter>
    </ClInclude>
    <ClInclude Include="DeviceVector.cuh">
      <Filter>cuda</Filter>
    </ClInclude>
    <ClInclude Include="HostVector.cuh">
      <Filter>cuda</Filter>
    </ClInclude>
  </ItemGroup>
  <ItemGroup>
    <Filter Include="cuda">
      <UniqueIdentifier>{d7690e47-f757-4e89-8e6b-e8e0bd5136ce}</UniqueIdentifier>
    </Filter>
  </ItemGroup>
</Project>